
Microsoft Visual Studio Solution File, Format Version 12.00
# Visual Studio Version 17
VisualStudioVersion = 17.5.33502.453
MinimumVisualStudioVersion = 10.0.40219.1
Project("{FAE04EC0-301F-11D3-BF4B-00C04F79EFBC}") = "WpfUI", "WpfUI\WpfUI.csproj", "{53ADDFF3-5044-4AE2-86B3-73E575586914}"
EndProject
Project("{FAE04EC0-301F-11D3-BF4B-00C04F79EFBC}") = "Engine", "Engine\Engine.csproj", "{7FA25800-D99A-4A01-80EB-F024822544A3}"
EndProject
Global
	GlobalSection(SolutionConfigurationPlatforms) = preSolution
		Debug|Any CPU = Debug|Any CPU
		Release|Any CPU = Release|Any CPU
	EndGlobalSection
	GlobalSection(ProjectConfigurationPlatforms) = postSolution
		{53ADDFF3-5044-4AE2-86B3-73E575586914}.Debug|Any CPU.ActiveCfg = Debug|Any CPU
		{53ADDFF3-5044-4AE2-86B3-73E575586914}.Debug|Any CPU.Build.0 = Debug|Any CPU
		{53ADDFF3-5044-4AE2-86B3-73E575586914}.Release|Any CPU.ActiveCfg = Release|Any CPU
		{53ADDFF3-5044-4AE2-86B3-73E575586914}.Release|Any CPU.Build.0 = Release|Any CPU
		{7FA25800-D99A-4A01-80EB-F024822544A3}.Debug|Any CPU.ActiveCfg = Debug|Any CPU
		{7FA25800-D99A-4A01-80EB-F024822544A3}.Debug|Any CPU.Build.0 = Debug|Any CPU
		{7FA25800-D99A-4A01-80EB-F024822544A3}.Release|Any CPU.ActiveCfg = Release|Any CPU
		{7FA25800-D99A-4A01-80EB-F024822544A3}.Release|Any CPU.Build.0 = Release|Any CPU
	EndGlobalSection
	GlobalSection(SolutionProperties) = preSolution
		HideSolutionNode = FALSE
	EndGlobalSection
	GlobalSection(ExtensibilityGlobals) = postSolution
		SolutionGuid = {8D0674ED-4450-4561-812B-15DE0D7EC012}
	EndGlobalSection
EndGlobal
